
Microsoft Visual Studio Solution File, Format Version 12.00
# Visual Studio Version 16
VisualStudioVersion = 16.0.30717.126
MinimumVisualStudioVersion = 10.0.40219.1
Project("{FAE04EC0-301F-11D3-BF4B-00C04F79EFBC}") = "Touchstone", "Touchstone\Touchstone.csproj", "{C0075CAC-48F0-4697-AF63-29EA0F8925FE}"
EndProject
Global
	GlobalSection(SolutionConfigurationPlatforms) = preSolution
		Debug|Any CPU = Debug|Any CPU
		Release|Any CPU = Release|Any CPU
	EndGlobalSection
	GlobalSection(ProjectConfigurationPlatforms) = postSolution
		{C0075CAC-48F0-4697-AF63-29EA0F8925FE}.Debug|Any CPU.ActiveCfg = Debug|Any CPU
		{C0075CAC-48F0-4697-AF63-29EA0F8925FE}.Debug|Any CPU.Build.0 = Debug|Any CPU
		{C0075CAC-48F0-4697-AF63-29EA0F8925FE}.Release|Any CPU.ActiveCfg = Release|Any CPU
		{C0075CAC-48F0-4697-AF63-29EA0F8925FE}.Release|Any CPU.Build.0 = Release|Any CPU
	EndGlobalSection
	GlobalSection(SolutionProperties) = preSolution
		HideSolutionNode = FALSE
	EndGlobalSection
	GlobalSection(ExtensibilityGlobals) = postSolution
		SolutionGuid = {F35EAA3D-55A2-4E67-85B5-56EAD79C91A0}
	EndGlobalSection
EndGlobal
